
Microsoft Visual Studio Solution File, Format Version 12.00
Project("{FAE04EC0-301F-11D3-BF4B-00C04F79EFBC}") = "Sparkle", "src\Sparkle\Sparkle.csproj", "{34708A3F-906E-4C9A-9D1E-1280FE861EC1}"
EndProject
Project("{FAE04EC0-301F-11D3-BF4B-00C04F79EFBC}") = "Sparkle.Test", "src\Sparkle.Test\Sparkle.Test.csproj", "{9D2CCB6F-FEF8-4789-8716-8D7D27DB5034}"
EndProject
Global
	GlobalSection(SolutionConfigurationPlatforms) = preSolution
		Debug|Any CPU = Debug|Any CPU
		Release|Any CPU = Release|Any CPU
	EndGlobalSection
	GlobalSection(ProjectConfigurationPlatforms) = postSolution
		{34708A3F-906E-4C9A-9D1E-1280FE861EC1}.Debug|Any CPU.ActiveCfg = Debug|Any CPU
		{34708A3F-906E-4C9A-9D1E-1280FE861EC1}.Debug|Any CPU.Build.0 = Debug|Any CPU
		{34708A3F-906E-4C9A-9D1E-1280FE861EC1}.Release|Any CPU.ActiveCfg = Release|Any CPU
		{34708A3F-906E-4C9A-9D1E-1280FE861EC1}.Release|Any CPU.Build.0 = Release|Any CPU
		{9D2CCB6F-FEF8-4789-8716-8D7D27DB5034}.Debug|Any CPU.ActiveCfg = Debug|Any CPU
		{9D2CCB6F-FEF8-4789-8716-8D7D27DB5034}.Debug|Any CPU.Build.0 = Debug|Any CPU
		{9D2CCB6F-FEF8-4789-8716-8D7D27DB5034}.Release|Any CPU.ActiveCfg = Release|Any CPU
		{9D2CCB6F-FEF8-4789-8716-8D7D27DB5034}.Release|Any CPU.Build.0 = Release|Any CPU
	EndGlobalSection
EndGlobal
